
Microsoft Visual Studio Solution File, Format Version 12.00
# Visual Studio Version 16
VisualStudioVersion = 16.0.34729.46
MinimumVisualStudioVersion = 10.0.40219.1
Project("{8BC9CEB8-8B4A-11D0-8D11-00A0C91BC942}") = "C077002_FinalProject_Client", "C077002_FinalProject_Client\C077002_FinalProject_Client.vcxproj", "{058F251A-0F25-4152-A43A-136E55014630}"
EndProject
Global
	GlobalSection(SolutionConfigurationPlatforms) = preSolution
		Debug|x64 = Debug|x64
		Debug|x86 = Debug|x86
		Release|x64 = Release|x64
		Release|x86 = Release|x86
	EndGlobalSection
	GlobalSection(ProjectConfigurationPlatforms) = postSolution
		{058F251A-0F25-4152-A43A-136E55014630}.Debug|x64.ActiveCfg = Debug|x64
		{058F251A-0F25-4152-A43A-136E55014630}.Debug|x64.Build.0 = Debug|x64
		{058F251A-0F25-4152-A43A-136E55014630}.Debug|x86.ActiveCfg = Debug|Win32
		{058F251A-0F25-4152-A43A-136E55014630}.Debug|x86.Build.0 = Debug|Win32
		{058F251A-0F25-4152-A43A-136E55014630}.Release|x64.ActiveCfg = Release|x64
		{058F251A-0F25-4152-A43A-136E55014630}.Release|x64.Build.0 = Release|x64
		{058F251A-0F25-4152-A43A-136E55014630}.Release|x86.ActiveCfg = Release|Win32
		{058F251A-0F25-4152-A43A-136E55014630}.Release|x86.Build.0 = Release|Win32
	EndGlobalSection
	GlobalSection(SolutionProperties) = preSolution
		HideSolutionNode = FALSE
	EndGlobalSection
	GlobalSection(ExtensibilityGlobals) = postSolution
		SolutionGuid = {CC84FFF7-FBE2-4A64-B364-2DAA1C0CB522}
	EndGlobalSection
EndGlobal
